{
  "name": "milkdrop-eel-reference-adapter",
  "version": "0.1.0",
  "lockfileVersion": 3,
  "requires": true,
  "packages": {
    "": {
      "name": "milkdrop-eel-reference-adapter",
      "version": "0.1.0",
      "dependencies": {
        "milkdrop-eel-parser": "0.0.4"
      }
    },
    "node_modules/milkdrop-eel-parser": {
      "version": "0.0.4",
      "resolved": "https://registry.npmjs.org/milkdrop-eel-parser/-/milkdrop-eel-parser-0.0.4.tgz",
      "integrity": "sha512-4PsOdTMDB7GM3UFzqXQQXf8MBeoolOhsBLMlhug+IIMZ+yNkvqLbdqDbrueGZc8P8tLRJP8pbAxna1yjFr06HQ==",
      "license": "MIT"
    }
  }
}
